
Microsoft Visual Studio Solution File, Format Version 12.00
# Visual Studio 15
VisualStudioVersion = 15.0.28307.1062
MinimumVisualStudioVersion = 10.0.40219.1
Project("{FAE04EC0-301F-11D3-BF4B-00C04F79EFBC}") = "Sales_Web_MVC", "Sales_Web_MVC\Sales_Web_MVC.csproj", "{B99ABDAD-0240-404F-8C86-CD7D28F0B9E6}"
EndProject
Global
	GlobalSection(SolutionConfigurationPlatforms) = preSolution
		Debug|Any CPU = Debug|Any CPU
		Release|Any CPU = Release|Any CPU
	EndGlobalSection
	GlobalSection(ProjectConfigurationPlatforms) = postSolution
		{B99ABDAD-0240-404F-8C86-CD7D28F0B9E6}.Debug|Any CPU.ActiveCfg = Debug|Any CPU
		{B99ABDAD-0240-404F-8C86-CD7D28F0B9E6}.Debug|Any CPU.Build.0 = Debug|Any CPU
		{B99ABDAD-0240-404F-8C86-CD7D28F0B9E6}.Release|Any CPU.ActiveCfg = Release|Any CPU
		{B99ABDAD-0240-404F-8C86-CD7D28F0B9E6}.Release|Any CPU.Build.0 = Release|Any CPU
	EndGlobalSection
	GlobalSection(SolutionProperties) = preSolution
		HideSolutionNode = FALSE
	EndGlobalSection
	GlobalSection(ExtensibilityGlobals) = postSolution
		SolutionGuid = {53F874F9-48AB-43A6-A3C4-B3C38D12C82F}
	EndGlobalSection
EndGlobal
